
Microsoft Visual Studio Solution File, Format Version 12.00
# Visual Studio 15
VisualStudioVersion = 15.0.28307.572
MinimumVisualStudioVersion = 10.0.40219.1
Project("{FAE04EC0-301F-11D3-BF4B-00C04F79EFBC}") = "Kaleidoscope", "Kaleidoscope.csproj", "{341AF80F-646E-4057-907A-8C95D0A9EEDC}"
EndProject
Global
	GlobalSection(SolutionConfigurationPlatforms) = preSolution
		Debug|ARM = Debug|ARM
		Debug|ARM64 = Debug|ARM64
		Debug|x64 = Debug|x64
		Debug|x86 = Debug|x86
		Release|ARM = Release|ARM
		Release|ARM64 = Release|ARM64
		Release|x64 = Release|x64
		Release|x86 = Release|x86
	EndGlobalSection
	GlobalSection(ProjectConfigurationPlatforms) = postSolution
		{341AF80F-646E-4057-907A-8C95D0A9EEDC}.Debug|ARM.ActiveCfg = Debug|ARM
		{341AF80F-646E-4057-907A-8C95D0A9EEDC}.Debug|ARM.Build.0 = Debug|ARM
		{341AF80F-646E-4057-907A-8C95D0A9EEDC}.Debug|ARM.Deploy.0 = Debug|ARM
		{341AF80F-646E-4057-907A-8C95D0A9EEDC}.Debug|ARM64.ActiveCfg = Debug|ARM64
		{341AF80F-646E-4057-907A-8C95D0A9EEDC}.Debug|ARM64.Build.0 = Debug|ARM64
		{341AF80F-646E-4057-907A-8C95D0A9EEDC}.Debug|ARM64.Deploy.0 = Debug|ARM64
		{341AF80F-646E-4057-907A-8C95D0A9EEDC}.Debug|x64.ActiveCfg = Debug|x64
		{341AF80F-646E-4057-907A-8C95D0A9EEDC}.Debug|x64.Build.0 = Debug|x64
		{341AF80F-646E-4057-907A-8C95D0A9EEDC}.Debug|x64.Deploy.0 = Debug|x64
		{341AF80F-646E-4057-907A-8C95D0A9EEDC}.Debug|x86.ActiveCfg = Debug|x86
		{341AF80F-646E-4057-907A-8C95D0A9EEDC}.Debug|x86.Build.0 = Debug|x86
		{341AF80F-646E-4057-907A-8C95D0A9EEDC}.Debug|x86.Deploy.0 = Debug|x86
		{341AF80F-646E-4057-907A-8C95D0A9EEDC}.Release|ARM.ActiveCfg = Release|ARM
		{341AF80F-646E-4057-907A-8C95D0A9EEDC}.Release|ARM.Build.0 = Release|ARM
		{341AF80F-646E-4057-907A-8C95D0A9EEDC}.Release|ARM.Deploy.0 = Release|ARM
		{341AF80F-646E-4057-907A-8C95D0A9EEDC}.Release|ARM64.ActiveCfg = Release|ARM64
		{341AF80F-646E-4057-907A-8C95D0A9EEDC}.Release|ARM64.Build.0 = Release|ARM64
		{341AF80F-646E-4057-907A-8C95D0A9EEDC}.Release|ARM64.Deploy.0 = Release|ARM64
		{341AF80F-646E-4057-907A-8C95D0A9EEDC}.Release|x64.ActiveCfg = Release|x64
		{341AF80F-646E-4057-907A-8C95D0A9EEDC}.Release|x64.Build.0 = Release|x64
		{341AF80F-646E-4057-907A-8C95D0A9EEDC}.Release|x64.Deploy.0 = Release|x64
		{341AF80F-646E-4057-907A-8C95D0A9EEDC}.Release|x86.ActiveCfg = Release|x86
		{341AF80F-646E-4057-907A-8C95D0A9EEDC}.Release|x86.Build.0 = Release|x86
		{341AF80F-646E-4057-907A-8C95D0A9EEDC}.Release|x86.Deploy.0 = Release|x86
	EndGlobalSection
	GlobalSection(SolutionProperties) = preSolution
		HideSolutionNode = FALSE
	EndGlobalSection
	GlobalSection(ExtensibilityGlobals) = postSolution
		SolutionGuid = {7300183B-D582-4B39-A9F2-6B0F2E4853AB}
	EndGlobalSection
EndGlobal
